# THIS IS AN AUTOGENERATED FILE. DO NOT EDIT THIS FILE DIRECTLY.
# yarn lockfile v1


"@supabase/auth-js@2.71.1":
  version "2.71.1"
  resolved "https://registry.yarnpkg.com/@supabase/auth-js/-/auth-js-2.71.1.tgz#349802c3b8275d62437e755ba73bd0cd8c26cd93"
  integrity sha512-mMIQHBRc+SKpZFRB2qtupuzulaUhFYupNyxqDj5Jp/LyPvcWvjaJzZzObv6URtL/O6lPxkanASnotGtNpS3H2Q==
  dependencies:
    "@supabase/node-fetch" "^2.6.14"

"@supabase/functions-js@2.4.5":
  version "2.4.5"
  resolved "https://registry.yarnpkg.com/@supabase/functions-js/-/functions-js-2.4.5.tgz#0a87d1a296bb32a1474c9322c932d9bbd4993d74"
  integrity sha512-v5GSqb9zbosquTo6gBwIiq7W9eQ7rE5QazsK/ezNiQXdCbY+bH8D9qEaBIkhVvX4ZRW5rP03gEfw5yw9tiq4EQ==
  dependencies:
    "@supabase/node-fetch" "^2.6.14"

"@supabase/node-fetch@2.6.15", "@supabase/node-fetch@^2.6.14":
  version "2.6.15"
  resolved "https://registry.yarnpkg.com/@supabase/node-fetch/-/node-fetch-2.6.15.tgz#731271430e276983191930816303c44159e7226c"
  integrity sha512-1ibVeYUacxWYi9i0cf5efil6adJ9WRyZBLivgjs+AUpewx1F3xPi7gLgaASI2SmIQxPoCEjAsLAzKPgMJVgOUQ==
  dependencies:
    whatwg-url "^5.0.0"

"@supabase/node-fetch@^2.6.13":
  version "2.6.13"
  resolved "https://registry.yarnpkg.com/@supabase/node-fetch/-/node-fetch-2.6.13.tgz#0d36219a9e2134049a7317591e1d4fbf73a42ec4"
  integrity sha512-rEHQaDVzxLZMCK3p+JW2nzEsK4AJpOQhetppaqAzrFum0Ub8wcnoM/8f1dWRZSulY5fRDP6rJaWT/8X3VleCzg==
  dependencies:
    whatwg-url "^5.0.0"

"@supabase/postgrest-js@1.19.4":
  version "1.19.4"
  resolved "https://registry.yarnpkg.com/@supabase/postgrest-js/-/postgrest-js-1.19.4.tgz#41de1e4310ce8ddba87becd7e0878f4ad7a659a2"
  integrity sha512-O4soKqKtZIW3olqmbXXbKugUtByD2jPa8kL2m2c1oozAO11uCcGrRhkZL0kVxjBLrXHE0mdSkFsMj7jDSfyNpw==
  dependencies:
    "@supabase/node-fetch" "^2.6.14"

"@supabase/realtime-js@2.11.15":
  version "2.11.15"
  resolved "https://registry.yarnpkg.com/@supabase/realtime-js/-/realtime-js-2.11.15.tgz#74e520eee0dda51fdc83902abaaefacad6f3f0a9"
  integrity sha512-HQKRnwAqdVqJW/P9TjKVK+/ETpW4yQ8tyDPPtRMKOH4Uh3vQD74vmj353CYs8+YwVBKubeUOOEpI9CT8mT4obw==
  dependencies:
    "@supabase/node-fetch" "^2.6.13"
    "@types/phoenix" "^1.6.6"
    "@types/ws" "^8.18.1"
    isows "^1.0.7"
    ws "^8.18.2"

"@supabase/storage-js@^2.10.4":
  version "2.10.4"
  resolved "https://registry.yarnpkg.com/@supabase/storage-js/-/storage-js-2.10.4.tgz#b7188adef265df8ce52fc54d289c36de85dac936"
  integrity sha512-cvL02GarJVFcNoWe36VBybQqTVRq6wQSOCvTS64C+eyuxOruFIm1utZAY0xi2qKtHJO3EjKaj8iWJKySusDmAQ==
  dependencies:
    "@supabase/node-fetch" "^2.6.14"

"@supabase/supabase-js@^2.53.0":
  version "2.53.0"
  resolved "https://registry.yarnpkg.com/@supabase/supabase-js/-/supabase-js-2.53.0.tgz#ccf1d97e66b47ae4d7e0c7982a5b02b45afb94df"
  integrity sha512-Vg9sl0oFn55cCPaEOsDsRDbxOVccxRrK/cikjL1XbywHEOfyA5SOOEypidMvQLwgoAfnC2S4D9BQwJDcZs7/TQ==
  dependencies:
    "@supabase/auth-js" "2.71.1"
    "@supabase/functions-js" "2.4.5"
    "@supabase/node-fetch" "2.6.15"
    "@supabase/postgrest-js" "1.19.4"
    "@supabase/realtime-js" "2.11.15"
    "@supabase/storage-js" "^2.10.4"

"@types/node@*":
  version "24.1.0"
  resolved "https://registry.yarnpkg.com/@types/node/-/node-24.1.0.tgz#0993f7dc31ab5cc402d112315b463e383d68a49c"
  integrity sha512-ut5FthK5moxFKH2T1CUOC6ctR67rQRvvHdFLCD2Ql6KXmMuCrjsSsRI9UsLCm9M18BMwClv4pn327UvB7eeO1w==
  dependencies:
    undici-types "~7.8.0"

"@types/phoenix@^1.6.6":
  version "1.6.6"
  resolved "https://registry.yarnpkg.com/@types/phoenix/-/phoenix-1.6.6.tgz#3c1ab53fd5a23634b8e37ea72ccacbf07fbc7816"
  integrity sha512-PIzZZlEppgrpoT2QgbnDU+MMzuR6BbCjllj0bM70lWoejMeNJAxCchxnv7J3XFkI8MpygtRpzXrIlmWUBclP5A==

"@types/ws@^8.18.1":
  version "8.18.1"
  resolved "https://registry.yarnpkg.com/@types/ws/-/ws-8.18.1.tgz#48464e4bf2ddfd17db13d845467f6070ffea4aa9"
  integrity sha512-ThVF6DCVhA8kUGy+aazFQ4kXQ7E1Ty7A3ypFOe0IcJV8O/M511G99AW24irKrW56Wt44yG9+ij8FaqoBGkuBXg==
  dependencies:
    "@types/node" "*"

isows@^1.0.7:
  version "1.0.7"
  resolved "https://registry.yarnpkg.com/isows/-/isows-1.0.7.tgz#1c06400b7eed216fbba3bcbd68f12490fc342915"
  integrity sha512-I1fSfDCZL5P0v33sVqeTDSpcstAg/N+wF5HS033mogOVIp4B+oHC7oOCsA3axAbBSGTJ8QubbNmnIRN/h8U7hg==

tr46@~0.0.3:
  version "0.0.3"
  resolved "https://registry.yarnpkg.com/tr46/-/tr46-0.0.3.tgz#8184fd347dac9cdc185992f3a6622e14b9d9ab6a"
  integrity sha512-N3WMsuqV66lT30CrXNbEjx4GEwlow3v6rr4mCcv6prnfwhS01rkgyFdjPNBYd9br7LpXV1+Emh01fHnq2Gdgrw==

undici-types@~7.8.0:
  version "7.8.0"
  resolved "https://registry.yarnpkg.com/undici-types/-/undici-types-7.8.0.tgz#de00b85b710c54122e44fbfd911f8d70174cd294"
  integrity sha512-9UJ2xGDvQ43tYyVMpuHlsgApydB8ZKfVYTsLDhXkFL/6gfkp+U8xTGdh8pMJv1SpZna0zxG1DwsKZsreLbXBxw==

webidl-conversions@^3.0.0:
  version "3.0.1"
  resolved "https://registry.yarnpkg.com/webidl-conversions/-/webidl-conversions-3.0.1.tgz#24534275e2a7bc6be7bc86611cc16ae0a5654871"
  integrity sha512-2JAn3z8AR6rjK8Sm8orRC0h/bcl/DqL7tRPdGZ4I1CjdF+EaMLmYxBHyXuKL849eucPFhvBoxMsflfOb8kxaeQ==

whatwg-url@^5.0.0:
  version "5.0.0"
  resolved "https://registry.yarnpkg.com/whatwg-url/-/whatwg-url-5.0.0.tgz#966454e8765462e37644d3626f6742ce8b70965d"
  integrity sha512-saE57nupxk6v3HY35+jzBwYa0rKSy0XR8JSxZPwgLr7ys0IBzhGviA1/TUGJLmSVqs8pb9AnvICXEuOHLprYTw==
  dependencies:
    tr46 "~0.0.3"
    webidl-conversions "^3.0.0"

ws@^8.18.2:
  version "8.18.3"
  resolved "https://registry.yarnpkg.com/ws/-/ws-8.18.3.tgz#b56b88abffde62791c639170400c93dcb0c95472"
  integrity sha512-PEIGCY5tSlUt50cqyMXfCzX+oOPqN0vuGqWzbcJ2xvnkzkq46oOpz7dQaTDBdfICb4N14+GARUDw2XV2N4tvzg==
